
Microsoft Visual Studio Solution File, Format Version 12.00
# Visual Studio Version 16
VisualStudioVersion = 16.0.31112.23
MinimumVisualStudioVersion = 10.0.40219.1
Project("{FAE04EC0-301F-11D3-BF4B-00C04F79EFBC}") = "RozetkaSpecFlow", "RozetkaSpecFlow.csproj", "{3F4D7332-5AB5-4AA6-B018-7AB11EA9406F}"
EndProject
Global
	GlobalSection(SolutionConfigurationPlatforms) = preSolution
		Debug|Any CPU = Debug|Any CPU
		Release|Any CPU = Release|Any CPU
	EndGlobalSection
	GlobalSection(ProjectConfigurationPlatforms) = postSolution
		{3F4D7332-5AB5-4AA6-B018-7AB11EA9406F}.Debug|Any CPU.ActiveCfg = Debug|Any CPU
		{3F4D7332-5AB5-4AA6-B018-7AB11EA9406F}.Debug|Any CPU.Build.0 = Debug|Any CPU
		{3F4D7332-5AB5-4AA6-B018-7AB11EA9406F}.Release|Any CPU.ActiveCfg = Release|Any CPU
		{3F4D7332-5AB5-4AA6-B018-7AB11EA9406F}.Release|Any CPU.Build.0 = Release|Any CPU
	EndGlobalSection
	GlobalSection(SolutionProperties) = preSolution
		HideSolutionNode = FALSE
	EndGlobalSection
	GlobalSection(ExtensibilityGlobals) = postSolution
		SolutionGuid = {EC7DDDBD-5C4B-4F62-82AE-C22EE6932105}
	EndGlobalSection
EndGlobal
